
Microsoft Visual Studio Solution File, Format Version 12.00
# Visual Studio Version 17
VisualStudioVersion = 17.3.32929.385
MinimumVisualStudioVersion = 10.0.40219.1
Project("{FAE04EC0-301F-11D3-BF4B-00C04F79EFBC}") = "Arac_Kullanımlari", "Arac_Kullanımlari\Arac_Kullanımlari.csproj", "{5835B1F2-D86D-48BD-BD2A-CFD41B024FDA}"
EndProject
Global
	GlobalSection(SolutionConfigurationPlatforms) = preSolution
		Debug|Any CPU = Debug|Any CPU
		Release|Any CPU = Release|Any CPU
	EndGlobalSection
	GlobalSection(ProjectConfigurationPlatforms) = postSolution
		{5835B1F2-D86D-48BD-BD2A-CFD41B024FDA}.Debug|Any CPU.ActiveCfg = Debug|Any CPU
		{5835B1F2-D86D-48BD-BD2A-CFD41B024FDA}.Debug|Any CPU.Build.0 = Debug|Any CPU
		{5835B1F2-D86D-48BD-BD2A-CFD41B024FDA}.Release|Any CPU.ActiveCfg = Release|Any CPU
		{5835B1F2-D86D-48BD-BD2A-CFD41B024FDA}.Release|Any CPU.Build.0 = Release|Any CPU
	EndGlobalSection
	GlobalSection(SolutionProperties) = preSolution
		HideSolutionNode = FALSE
	EndGlobalSection
	GlobalSection(ExtensibilityGlobals) = postSolution
		SolutionGuid = {0E367E4F-6F36-4163-8A62-EFA663BDDFBB}
	EndGlobalSection
EndGlobal
